
Microsoft Visual Studio Solution File, Format Version 12.00
# Visual Studio Version 17
VisualStudioVersion = 17.0.31919.166
MinimumVisualStudioVersion = 10.0.40219.1
Project("{2150E333-8FDC-42A3-9474-1A3956D46DE8}") = "Core", "Core", "{C3B46029-47FB-4C31-B5C0-145FDF80910C}"
EndProject
Project("{2150E333-8FDC-42A3-9474-1A3956D46DE8}") = "Infrastructure", "Infrastructure", "{843A174B-3406-4B23-88DA-4C52F6F1E7E1}"
EndProject
Project("{2150E333-8FDC-42A3-9474-1A3956D46DE8}") = "WebApi", "WebApi", "{E47A63B2-57A5-45B4-97CB-543AF0D951EA}"
EndProject
Project("{FAE04EC0-301F-11D3-BF4B-00C04F79EFBC}") = "MMSIMDB.Domain", "MMSIMDB.Domain\MMSIMDB.Domain.csproj", "{F7630003-0976-4392-9F01-6124A127360F}"
EndProject
Project("{FAE04EC0-301F-11D3-BF4B-00C04F79EFBC}") = "MMSIMDB.Application", "MMSIMDB.Business\MMSIMDB.Application.csproj", "{757D225C-D3E0-4ACE-A53D-0494F63B4D15}"
EndProject
Project("{FAE04EC0-301F-11D3-BF4B-00C04F79EFBC}") = "MMSIMDB.Mapping", "MMSIMDB.Mapping\MMSIMDB.Mapping.csproj", "{47CB157D-BAF3-4059-8851-2734DF0DCEEA}"
EndProject
Project("{FAE04EC0-301F-11D3-BF4B-00C04F79EFBC}") = "MMSIMDB.Persistence", "MMSIMDB.Persistence\MMSIMDB.Persistence.csproj", "{40CBD1E0-3F16-466C-969A-DCFB516B7D69}"
EndProject
Project("{FAE04EC0-301F-11D3-BF4B-00C04F79EFBC}") = "MMSIMDB.Identity", "MMSIMDB.Identity\MMSIMDB.Identity.csproj", "{4F5ED738-C1F0-4DFF-9AE4-306587CFAEB5}"
EndProject
Project("{FAE04EC0-301F-11D3-BF4B-00C04F79EFBC}") = "MMSIMDB.WebAPI", "MMSIMDB.WebAPI\MMSIMDB.WebAPI.csproj", "{961FFF8A-B1C9-4324-B367-2C8B366CBC4A}"
EndProject
Global
	GlobalSection(SolutionConfigurationPlatforms) = preSolution
		Debug|Any CPU = Debug|Any CPU
		Release|Any CPU = Release|Any CPU
	EndGlobalSection
	GlobalSection(ProjectConfigurationPlatforms) = postSolution
		{F7630003-0976-4392-9F01-6124A127360F}.Debug|Any CPU.ActiveCfg = Debug|Any CPU
		{F7630003-0976-4392-9F01-6124A127360F}.Debug|Any CPU.Build.0 = Debug|Any CPU
		{F7630003-0976-4392-9F01-6124A127360F}.Release|Any CPU.ActiveCfg = Release|Any CPU
		{F7630003-0976-4392-9F01-6124A127360F}.Release|Any CPU.Build.0 = Release|Any CPU
		{757D225C-D3E0-4ACE-A53D-0494F63B4D15}.Debug|Any CPU.ActiveCfg = Debug|Any CPU
		{757D225C-D3E0-4ACE-A53D-0494F63B4D15}.Debug|Any CPU.Build.0 = Debug|Any CPU
		{757D225C-D3E0-4ACE-A53D-0494F63B4D15}.Release|Any CPU.ActiveCfg = Release|Any CPU
		{757D225C-D3E0-4ACE-A53D-0494F63B4D15}.Release|Any CPU.Build.0 = Release|Any CPU
		{47CB157D-BAF3-4059-8851-2734DF0DCEEA}.Debug|Any CPU.ActiveCfg = Debug|Any CPU
		{47CB157D-BAF3-4059-8851-2734DF0DCEEA}.Debug|Any CPU.Build.0 = Debug|Any CPU
		{47CB157D-BAF3-4059-8851-2734DF0DCEEA}.Release|Any CPU.ActiveCfg = Release|Any CPU
		{47CB157D-BAF3-4059-8851-2734DF0DCEEA}.Release|Any CPU.Build.0 = Release|Any CPU
		{40CBD1E0-3F16-466C-969A-DCFB516B7D69}.Debug|Any CPU.ActiveCfg = Debug|Any CPU
		{40CBD1E0-3F16-466C-969A-DCFB516B7D69}.Debug|Any CPU.Build.0 = Debug|Any CPU
		{40CBD1E0-3F16-466C-969A-DCFB516B7D69}.Release|Any CPU.ActiveCfg = Release|Any CPU
		{40CBD1E0-3F16-466C-969A-DCFB516B7D69}.Release|Any CPU.Build.0 = Release|Any CPU
		{4F5ED738-C1F0-4DFF-9AE4-306587CFAEB5}.Debug|Any CPU.ActiveCfg = Debug|Any CPU
		{4F5ED738-C1F0-4DFF-9AE4-306587CFAEB5}.Debug|Any CPU.Build.0 = Debug|Any CPU
		{4F5ED738-C1F0-4DFF-9AE4-306587CFAEB5}.Release|Any CPU.ActiveCfg = Release|Any CPU
		{4F5ED738-C1F0-4DFF-9AE4-306587CFAEB5}.Release|Any CPU.Build.0 = Release|Any CPU
		{961FFF8A-B1C9-4324-B367-2C8B366CBC4A}.Debug|Any CPU.ActiveCfg = Debug|Any CPU
		{961FFF8A-B1C9-4324-B367-2C8B366CBC4A}.Debug|Any CPU.Build.0 = Debug|Any CPU
		{961FFF8A-B1C9-4324-B367-2C8B366CBC4A}.Release|Any CPU.ActiveCfg = Release|Any CPU
		{961FFF8A-B1C9-4324-B367-2C8B366CBC4A}.Release|Any CPU.Build.0 = Release|Any CPU
	EndGlobalSection
	GlobalSection(SolutionProperties) = preSolution
		HideSolutionNode = FALSE
	EndGlobalSection
	GlobalSection(NestedProjects) = preSolution
		{F7630003-0976-4392-9F01-6124A127360F} = {C3B46029-47FB-4C31-B5C0-145FDF80910C}
		{757D225C-D3E0-4ACE-A53D-0494F63B4D15} = {C3B46029-47FB-4C31-B5C0-145FDF80910C}
		{47CB157D-BAF3-4059-8851-2734DF0DCEEA} = {843A174B-3406-4B23-88DA-4C52F6F1E7E1}
		{40CBD1E0-3F16-466C-969A-DCFB516B7D69} = {843A174B-3406-4B23-88DA-4C52F6F1E7E1}
		{4F5ED738-C1F0-4DFF-9AE4-306587CFAEB5} = {843A174B-3406-4B23-88DA-4C52F6F1E7E1}
		{961FFF8A-B1C9-4324-B367-2C8B366CBC4A} = {E47A63B2-57A5-45B4-97CB-543AF0D951EA}
	EndGlobalSection
	GlobalSection(ExtensibilityGlobals) = postSolution
		SolutionGuid = {BEDFB86D-FDC4-49E6-B192-51E6E068A00D}
	EndGlobalSection
EndGlobal
